
Microsoft Visual Studio Solution File, Format Version 12.00
# Visual Studio Version 17
VisualStudioVersion = 17.6.33723.286
MinimumVisualStudioVersion = 10.0.40219.1
Project("{FAE04EC0-301F-11D3-BF4B-00C04F79EFBC}") = "FileUpload", "FileUpload\FileUpload.csproj", "{70041579-8B3E-4864-8733-48D0EA65B13B}"
EndProject
Global
	GlobalSection(SolutionConfigurationPlatforms) = preSolution
		Debug|Any CPU = Debug|Any CPU
		Release|Any CPU = Release|Any CPU
	EndGlobalSection
	GlobalSection(ProjectConfigurationPlatforms) = postSolution
		{70041579-8B3E-4864-8733-48D0EA65B13B}.Debug|Any CPU.ActiveCfg = Debug|Any CPU
		{70041579-8B3E-4864-8733-48D0EA65B13B}.Debug|Any CPU.Build.0 = Debug|Any CPU
		{70041579-8B3E-4864-8733-48D0EA65B13B}.Release|Any CPU.ActiveCfg = Release|Any CPU
		{70041579-8B3E-4864-8733-48D0EA65B13B}.Release|Any CPU.Build.0 = Release|Any CPU
	EndGlobalSection
	GlobalSection(SolutionProperties) = preSolution
		HideSolutionNode = FALSE
	EndGlobalSection
	GlobalSection(ExtensibilityGlobals) = postSolution
		SolutionGuid = {1189AE2E-FD6F-4516-BB90-55AD0BEC7AF9}
	EndGlobalSection
EndGlobal
